
Microsoft Visual Studio Solution File, Format Version 12.00
# Visual Studio Version 17
VisualStudioVersion = 17.4.33213.308
MinimumVisualStudioVersion = 10.0.40219.1
Project("{FAE04EC0-301F-11D3-BF4B-00C04F79EFBC}") = "MvcProje", "MvcProje\MvcProje.csproj", "{27D7BEEF-94CC-4F45-B2F4-AF4F324CA6BF}"
EndProject
Project("{FAE04EC0-301F-11D3-BF4B-00C04F79EFBC}") = "BusinessLayer", "BusinessLayer\BusinessLayer.csproj", "{C149731D-71B4-482E-9FC6-BA86F2D49D99}"
EndProject
Project("{FAE04EC0-301F-11D3-BF4B-00C04F79EFBC}") = "DataAccessLayer", "DataAccessLayer\DataAccessLayer.csproj", "{D10FDA41-E41A-4BBD-B0A8-A24B0332A874}"
EndProject
Project("{FAE04EC0-301F-11D3-BF4B-00C04F79EFBC}") = "EntityLayer", "EntityLayer\EntityLayer.csproj", "{FFA15712-4343-403A-8B02-C3ACBD93274B}"
EndProject
Global
	GlobalSection(SolutionConfigurationPlatforms) = preSolution
		Debug|Any CPU = Debug|Any CPU
		Release|Any CPU = Release|Any CPU
	EndGlobalSection
	GlobalSection(ProjectConfigurationPlatforms) = postSolution
		{27D7BEEF-94CC-4F45-B2F4-AF4F324CA6BF}.Debug|Any CPU.ActiveCfg = Debug|Any CPU
		{27D7BEEF-94CC-4F45-B2F4-AF4F324CA6BF}.Debug|Any CPU.Build.0 = Debug|Any CPU
		{27D7BEEF-94CC-4F45-B2F4-AF4F324CA6BF}.Release|Any CPU.ActiveCfg = Release|Any CPU
		{27D7BEEF-94CC-4F45-B2F4-AF4F324CA6BF}.Release|Any CPU.Build.0 = Release|Any CPU
		{C149731D-71B4-482E-9FC6-BA86F2D49D99}.Debug|Any CPU.ActiveCfg = Debug|Any CPU
		{C149731D-71B4-482E-9FC6-BA86F2D49D99}.Debug|Any CPU.Build.0 = Debug|Any CPU
		{C149731D-71B4-482E-9FC6-BA86F2D49D99}.Release|Any CPU.ActiveCfg = Release|Any CPU
		{C149731D-71B4-482E-9FC6-BA86F2D49D99}.Release|Any CPU.Build.0 = Release|Any CPU
		{D10FDA41-E41A-4BBD-B0A8-A24B0332A874}.Debug|Any CPU.ActiveCfg = Debug|Any CPU
		{D10FDA41-E41A-4BBD-B0A8-A24B0332A874}.Debug|Any CPU.Build.0 = Debug|Any CPU
		{D10FDA41-E41A-4BBD-B0A8-A24B0332A874}.Release|Any CPU.ActiveCfg = Release|Any CPU
		{D10FDA41-E41A-4BBD-B0A8-A24B0332A874}.Release|Any CPU.Build.0 = Release|Any CPU
		{FFA15712-4343-403A-8B02-C3ACBD93274B}.Debug|Any CPU.ActiveCfg = Debug|Any CPU
		{FFA15712-4343-403A-8B02-C3ACBD93274B}.Debug|Any CPU.Build.0 = Debug|Any CPU
		{FFA15712-4343-403A-8B02-C3ACBD93274B}.Release|Any CPU.ActiveCfg = Release|Any CPU
		{FFA15712-4343-403A-8B02-C3ACBD93274B}.Release|Any CPU.Build.0 = Release|Any CPU
	EndGlobalSection
	GlobalSection(SolutionProperties) = preSolution
		HideSolutionNode = FALSE
	EndGlobalSection
	GlobalSection(ExtensibilityGlobals) = postSolution
		SolutionGuid = {4E8364B3-9D60-4468-9BC4-9D73355861E5}
	EndGlobalSection
EndGlobal
